Microsoft Visual Studio Solution File, Format Version 11.00
# Visual Studio 2008

Project("{2423C0AB-7603-A4C6-EFFF-FC56AD1164FC}") = "OBE_Test", "Assembly-CSharp.csproj", "{500FA668-067D-D2F8-F24F-CCF17BF6A424}"
EndProject
Global
	GlobalSection(SolutionConfigurationPlatforms) = preSolution
		Debug|Any CPU = Debug|Any CPU
		Release|Any CPU = Release|Any CPU
	EndGlobalSection
	GlobalSection(ProjectConfigurationPlatforms) = postSolution
		{500FA668-067D-D2F8-F24F-CCF17BF6A424}.Debug|Any CPU.ActiveCfg = Debug|Any CPU
		{500FA668-067D-D2F8-F24F-CCF17BF6A424}.Debug|Any CPU.Build.0 = Debug|Any CPU
		{500FA668-067D-D2F8-F24F-CCF17BF6A424}.Release|Any CPU.ActiveCfg = Release|Any CPU
		{500FA668-067D-D2F8-F24F-CCF17BF6A424}.Release|Any CPU.Build.0 = Release|Any CPU
	EndGlobalSection
	GlobalSection(SolutionProperties) = preSolution
		HideSolutionNode = FALSE
	EndGlobalSection
	GlobalSection(MonoDevelopProperties) = preSolution
		StartupItem = Assembly-CSharp.csproj
	EndGlobalSection
EndGlobal
